Ê¿Â
Microsoft Visual Studio Solution File, Format Version 9.00
# Visual Studio 2005
# $Id: VC8WorkspaceCreator.pm 1139 2007-02-08 19:49:06Z elliott_c $
#
# This file was generated by MPC.  Any changes made directly to
# this file will be lost the next time it is generated.
#
# MPC Command:
# /export/anduriltmp/bczar/DOC_ROOT/stage-29192/ACE_wrappers/bin/mwc.pl -type vc8 -recurse -hierarchy -relative ACE_ROOT=/export/anduriltmp/bczar/DOC_ROOT/stage-29192/ACE_wrappers -relative TAO_ROOT=/export/anduriltmp/bczar/DOC_ROOT/stage-29192/ACE_wrappers/TAO -relative CIAO_ROOT=/export/anduriltmp/bczar/DOC_ROOT/stage-29192/ACE_wrappers/TAO/CIAO -exclude TAO/TAO_*.mwc,TAO/CIAO/CIAO_*.mwc -name_modifier *_WinCE -features uses_wchar=1,wince=1 -value_template "platforms="Pocket PC 2003 (ARMV4)"" -value_template "platforms+="Smartphone 2003 (ARMV4)"" -value_template "platforms+="Windows Mobile 5.0 Pocket PC SDK (ARMV4I)"" -value_template "platforms+="Windows Mobile 5.0 Smartphone SDK (ARMV4I)""
Project("{8BC9CEB8-8B4A-11D0-8D11-00A0C91BC942}") = "bank_IDL", "bank\bank_IDL_WinCE.vcproj", "{A9FA13D6-FECA-1BAD-4789-8A65A6554139}"
EndProject
Project("{8BC9CEB8-8B4A-11D0-8D11-00A0C91BC942}") = "bank_client", "bank\bank_client_WinCE.vcproj", "{0790FE94-FECA-1BAD-4789-8A65A6554139}"
	ProjectSection(ProjectDependencies) = postProject
		{A9FA13D6-FECA-1BAD-4789-8A65A6554139} = {A9FA13D6-FECA-1BAD-4789-8A65A6554139}
	EndProjectSection
EndProject
Project("{8BC9CEB8-8B4A-11D0-8D11-00A0C91BC942}") = "bank_server", "bank\bank_server_WinCE.vcproj", "{3CF0EE1E-FECA-1BAD-4789-8A65A6554139}"
	ProjectSection(ProjectDependencies) = postProject
		{A9FA13D6-FECA-1BAD-4789-8A65A6554139} = {A9FA13D6-FECA-1BAD-4789-8A65A6554139}
	EndProjectSection
EndProject
Project("{8BC9CEB8-8B4A-11D0-8D11-00A0C91BC942}") = "chat_IDL", "chat\chat_IDL_WinCE.vcproj", "{A9FB8D26-FECA-1BAD-5E66-8A65A65558D6}"
EndProject
Project("{8BC9CEB8-8B4A-11D0-8D11-00A0C91BC942}") = "chat_client", "chat\chat_client_WinCE.vcproj", "{1E7FFE94-FECA-1BAD-5E66-8A65A65558D6}"
	ProjectSection(ProjectDependencies) = postProject
		{A9FB8D26-FECA-1BAD-5E66-8A65A65558D6} = {A9FB8D26-FECA-1BAD-5E66-8A65A65558D6}
	EndProjectSection
EndProject
Project("{8BC9CEB8-8B4A-11D0-8D11-00A0C91BC942}") = "chat_server", "chat\chat_server_WinCE.vcproj", "{251FEE1E-FECA-1BAD-5E66-8A65A65558D6}"
	ProjectSection(ProjectDependencies) = postProject
		{A9FB8D26-FECA-1BAD-5E66-8A65A65558D6} = {A9FB8D26-FECA-1BAD-5E66-8A65A65558D6}
	EndProjectSection
EndProject
Project("{8BC9CEB8-8B4A-11D0-8D11-00A0C91BC942}") = "echo_IDL", "echo\echo_IDL_WinCE.vcproj", "{A9FD3596-FECA-1BAD-35ED-8A65A655335D}"
EndProject
Project("{8BC9CEB8-8B4A-11D0-8D11-00A0C91BC942}") = "echo_client", "echo\echo_client_WinCE.vcproj", "{75F4FE94-FECA-1BAD-35ED-8A65A655335D}"
	ProjectSection(ProjectDependencies) = postProject
		{A9FD3596-FECA-1BAD-35ED-8A65A655335D} = {A9FD3596-FECA-1BAD-35ED-8A65A655335D}
	EndProjectSection
EndProject
Project("{8BC9CEB8-8B4A-11D0-8D11-00A0C91BC942}") = "echo_server", "echo\echo_server_WinCE.vcproj", "{4E94EE1E-FECA-1BAD-35ED-8A65A655335D}"
	ProjectSection(ProjectDependencies) = postProject
		{A9FD3596-FECA-1BAD-35ED-8A65A655335D} = {A9FD3596-FECA-1BAD-35ED-8A65A655335D}
	EndProjectSection
EndProject
Project("{8BC9CEB8-8B4A-11D0-8D11-00A0C91BC942}") = "grid_IDL", "grid\grid_IDL_WinCE.vcproj", "{A9FE2426-FECA-1BAD-04F6-8A65A6550246}"
EndProject
Project("{8BC9CEB8-8B4A-11D0-8D11-00A0C91BC942}") = "grid_client", "grid\grid_client_WinCE.vcproj", "{44EFFE94-FECA-1BAD-04F6-8A65A6550246}"
	ProjectSection(ProjectDependencies) = postProject
		{A9FE2426-FECA-1BAD-04F6-8A65A6550246} = {A9FE2426-FECA-1BAD-04F6-8A65A6550246}
	EndProjectSection
EndProject
Project("{8BC9CEB8-8B4A-11D0-8D11-00A0C91BC942}") = "grid_server", "grid\grid_server_WinCE.vcproj", "{7F8FEE1E-FECA-1BAD-04F6-8A65A6550246}"
	ProjectSection(ProjectDependencies) = postProject
		{A9FE2426-FECA-1BAD-04F6-8A65A6550246} = {A9FE2426-FECA-1BAD-04F6-8A65A6550246}
	EndProjectSection
EndProject
Project("{8BC9CEB8-8B4A-11D0-8D11-00A0C91BC942}") = "Simple_Time_Date_Client", "time-date\Simple_Time_Date_Client_WinCE.vcproj", "{C6997A3F-FECA-1BAD-86A0-2ECC90514367}"
	ProjectSection(ProjectDependencies) = postProject
		{9CA6034C-FECA-1BAD-86A0-2ECC90514367} = {9CA6034C-FECA-1BAD-86A0-2ECC90514367}
	EndProjectSection
EndProject
Project("{8BC9CEB8-8B4A-11D0-8D11-00A0C91BC942}") = "Simple_Time_Date_Lib", "time-date\Simple_Time_Date_Lib_WinCE.vcproj", "{9CA6034C-FECA-1BAD-86A0-2ECC90514367}"
EndProject
Project("{8BC9CEB8-8B4A-11D0-8D11-00A0C91BC942}") = "Simple_Time_Date_Server", "time-date\Simple_Time_Date_Server_WinCE.vcproj", "{FDF96AB5-FECA-1BAD-86A0-2ECC90514367}"
EndProject
Project("{8BC9CEB8-8B4A-11D0-8D11-00A0C91BC942}") = "time_IDL", "time\time_IDL_WinCE.vcproj", "{A9EC9036-FECA-1BAD-2FB7-8A64A6542907}"
EndProject
Project("{8BC9CEB8-8B4A-11D0-8D11-00A0C91BC942}") = "time_client", "time\time_client_WinCE.vcproj", "{6FAEFE95-FECA-1BAD-2FB7-8A64A6542907}"
	ProjectSection(ProjectDependencies) = postProject
		{A9EC9036-FECA-1BAD-2FB7-8A64A6542907} = {A9EC9036-FECA-1BAD-2FB7-8A64A6542907}
	EndProjectSection
EndProject
Project("{8BC9CEB8-8B4A-11D0-8D11-00A0C91BC942}") = "time_server", "time\time_server_WinCE.vcproj", "{54CEEE1F-FECA-1BAD-2FB7-8A64A6542907}"
	ProjectSection(ProjectDependencies) = postProject
		{A9EC9036-FECA-1BAD-2FB7-8A64A6542907} = {A9EC9036-FECA-1BAD-2FB7-8A64A6542907}
	EndProjectSection
EndProject
Global
	GlobalSection(SolutionConfigurationPlatforms) = preSolution
		Debug|Pocket PC 2003 (ARMV4) = Debug|Pocket PC 2003 (ARMV4)
		Debug|Smartphone 2003 (ARMV4) = Debug|Smartphone 2003 (ARMV4)
		Debug|Windows Mobile 5.0 Pocket PC SDK (ARMV4I) = Debug|Windows Mobile 5.0 Pocket PC SDK (ARMV4I)
		Debug|Windows Mobile 5.0 Smartphone SDK (ARMV4I) = Debug|Windows Mobile 5.0 Smartphone SDK (ARMV4I)
		Release|Pocket PC 2003 (ARMV4) = Release|Pocket PC 2003 (ARMV4)
		Release|Smartphone 2003 (ARMV4) = Release|Smartphone 2003 (ARMV4)
		Release|Windows Mobile 5.0 Pocket PC SDK (ARMV4I) = Release|Windows Mobile 5.0 Pocket PC SDK (ARMV4I)
		Release|Windows Mobile 5.0 Smartphone SDK (ARMV4I) = Release|Windows Mobile 5.0 Smartphone SDK (ARMV4I)
	EndGlobalSection
	GlobalSection(ProjectConfigurationPlatforms) = postSolution
		{A9FA13D6-FECA-1BAD-4789-8A65A6554139}.Debug|Pocket PC 2003 (ARMV4).ActiveCfg = Debug|Pocket PC 2003 (ARMV4)
		{A9FA13D6-FECA-1BAD-4789-8A65A6554139}.Debug|Pocket PC 2003 (ARMV4).Build.0 = Debug|Pocket PC 2003 (ARMV4)
		{A9FA13D6-FECA-1BAD-4789-8A65A6554139}.Debug|Smartphone 2003 (ARMV4).ActiveCfg = Debug|Smartphone 2003 (ARMV4)
		{A9FA13D6-FECA-1BAD-4789-8A65A6554139}.Debug|Smartphone 2003 (ARMV4).Build.0 = Debug|Smartphone 2003 (ARMV4)
		{A9FA13D6-FECA-1BAD-4789-8A65A6554139}.Debug|Windows Mobile 5.0 Pocket PC SDK (ARMV4I).ActiveCfg = Debug|Windows Mobile 5.0 Pocket PC SDK (ARMV4I)
		{A9FA13D6-FECA-1BAD-4789-8A65A6554139}.Debug|Windows Mobile 5.0 Pocket PC SDK (ARMV4I).Build.0 = Debug|Windows Mobile 5.0 Pocket PC SDK (ARMV4I)
		{A9FA13D6-FECA-1BAD-4789-8A65A6554139}.Debug|Windows Mobile 5.0 Smartphone SDK (ARMV4I).ActiveCfg = Debug|Windows Mobile 5.0 Smartphone SDK (ARMV4I)
		{A9FA13D6-FECA-1BAD-4789-8A65A6554139}.Debug|Windows Mobile 5.0 Smartphone SDK (ARMV4I).Build.0 = Debug|Windows Mobile 5.0 Smartphone SDK (ARMV4I)
		{A9FA13D6-FECA-1BAD-4789-8A65A6554139}.Release|Pocket PC 2003 (ARMV4).ActiveCfg = Release|Pocket PC 2003 (ARMV4)
		{A9FA13D6-FECA-1BAD-4789-8A65A6554139}.Release|Pocket PC 2003 (ARMV4).Build.0 = Release|Pocket PC 2003 (ARMV4)
		{A9FA13D6-FECA-1BAD-4789-8A65A6554139}.Release|Smartphone 2003 (ARMV4).ActiveCfg = Release|Smartphone 2003 (ARMV4)
		{A9FA13D6-FECA-1BAD-4789-8A65A6554139}.Release|Smartphone 2003 (ARMV4).Build.0 = Release|Smartphone 2003 (ARMV4)
		{A9FA13D6-FECA-1BAD-4789-8A65A6554139}.Release|Windows Mobile 5.0 Pocket PC SDK (ARMV4I).ActiveCfg = Release|Windows Mobile 5.0 Pocket PC SDK (ARMV4I)
		{A9FA13D6-FECA-1BAD-4789-8A65A6554139}.Release|Windows Mobile 5.0 Pocket PC SDK (ARMV4I).Build.0 = Release|Windows Mobile 5.0 Pocket PC SDK (ARMV4I)
		{A9FA13D6-FECA-1BAD-4789-8A65A6554139}.Release|Windows Mobile 5.0 Smartphone SDK (ARMV4I).ActiveCfg = Release|Windows Mobile 5.0 Smartphone SDK (ARMV4I)
		{A9FA13D6-FECA-1BAD-4789-8A65A6554139}.Release|Windows Mobile 5.0 Smartphone SDK (ARMV4I).Build.0 = Release|Windows Mobile 5.0 Smartphone SDK (ARMV4I)
		{0790FE94-FECA-1BAD-4789-8A65A6554139}.Debug|Pocket PC 2003 (ARMV4).ActiveCfg = Debug|Pocket PC 2003 (ARMV4)
		{0790FE94-FECA-1BAD-4789-8A65A6554139}.Debug|Pocket PC 2003 (ARMV4).Build.0 = Debug|Pocket PC 2003 (ARMV4)
		{0790FE94-FECA-1BAD-4789-8A65A6554139}.Debug|Smartphone 2003 (ARMV4).ActiveCfg = Debug|Smartphone 2003 (ARMV4)
		{0790FE94-FECA-1BAD-4789-8A65A6554139}.Debug|Smartphone 2003 (ARMV4).Build.0 = Debug|Smartphone 2003 (ARMV4)
		{0790FE94-FECA-1BAD-4789-8A65A6554139}.Debug|Windows Mobile 5.0 Pocket PC SDK (ARMV4I).ActiveCfg = Debug|Windows Mobile 5.0 Pocket PC SDK (ARMV4I)
		{0790FE94-FECA-1BAD-4789-8A65A6554139}.Debug|Windows Mobile 5.0 Pocket PC SDK (ARMV4I).Build.0 = Debug|Windows Mobile 5.0 Pocket PC SDK (ARMV4I)
		{0790FE94-FECA-1BAD-4789-8A65A6554139}.Debug|Windows Mobile 5.0 Smartphone SDK (ARMV4I).ActiveCfg = Debug|Windows Mobile 5.0 Smartphone SDK (ARMV4I)
		{0790FE94-FECA-1BAD-4789-8A65A6554139}.Debug|Windows Mobile 5.0 Smartphone SDK (ARMV4I).Build.0 = Debug|Windows Mobile 5.0 Smartphone SDK (ARMV4I)
		{0790FE94-FECA-1BAD-4789-8A65A6554139}.Release|Pocket PC 2003 (ARMV4).ActiveCfg = Release|Pocket PC 2003 (ARMV4)
		{0790FE94-FECA-1BAD-4789-8A65A6554139}.Release|Pocket PC 2003 (ARMV4).Build.0 = Release|Pocket PC 2003 (ARMV4)
		{0790FE94-FECA-1BAD-4789-8A65A6554139}.Release|Smartphone 2003 (ARMV4).ActiveCfg = Release|Smartphone 2003 (ARMV4)
		{0790FE94-FECA-1BAD-4789-8A65A6554139}.Release|Smartphone 2003 (ARMV4).Build.0 = Release|Smartphone 2003 (ARMV4)
		{0790FE94-FECA-1BAD-4789-8A65A6554139}.Release|Windows Mobile 5.0 Pocket PC SDK (ARMV4I).ActiveCfg = Release|Windows Mobile 5.0 Pocket PC SDK (ARMV4I)
		{0790FE94-FECA-1BAD-4789-8A65A6554139}.Release|Windows Mobile 5.0 Pocket PC SDK (ARMV4I).Build.0 = Release|Windows Mobile 5.0 Pocket PC SDK (ARMV4I)
		{0790FE94-FECA-1BAD-4789-8A65A6554139}.Release|Windows Mobile 5.0 Smartphone SDK (ARMV4I).ActiveCfg = Release|Windows Mobile 5.0 Smartphone SDK (ARMV4I)
		{0790FE94-FECA-1BAD-4789-8A65A6554139}.Release|Windows Mobile 5.0 Smartphone SDK (ARMV4I).Build.0 = Release|Windows Mobile 5.0 Smartphone SDK (ARMV4I)
		{3CF0EE1E-FECA-1BAD-4789-8A65A6554139}.Debug|Pocket PC 2003 (ARMV4).ActiveCfg = Debug|Pocket PC 2003 (ARMV4)
		{3CF0EE1E-FECA-1BAD-4789-8A65A6554139}.Debug|Pocket PC 2003 (ARMV4).Build.0 = Debug|Pocket PC 2003 (ARMV4)
		{3CF0EE1E-FECA-1BAD-4789-8A65A6554139}.Debug|Smartphone 2003 (ARMV4).ActiveCfg = Debug|Smartphone 2003 (ARMV4)
		{3CF0EE1E-FECA-1BAD-4789-8A65A6554139}.Debug|Smartphone 2003 (ARMV4).Build.0 = Debug|Smartphone 2003 (ARMV4)
		{3CF0EE1E-FECA-1BAD-4789-8A65A6554139}.Debug|Windows Mobile 5.0 Pocket PC SDK (ARMV4I).ActiveCfg = Debug|Windows Mobile 5.0 Pocket PC SDK (ARMV4I)
		{3CF0EE1E-FECA-1BAD-4789-8A65A6554139}.Debug|Windows Mobile 5.0 Pocket PC SDK (ARMV4I).Build.0 = Debug|Windows Mobile 5.0 Pocket PC SDK (ARMV4I)
		{3CF0EE1E-FECA-1BAD-4789-8A65A6554139}.Debug|Windows Mobile 5.0 Smartphone SDK (ARMV4I).ActiveCfg = Debug|Windows Mobile 5.0 Smartphone SDK (ARMV4I)
		{3CF0EE1E-FECA-1BAD-4789-8A65A6554139}.Debug|Windows Mobile 5.0 Smartphone SDK (ARMV4I).Build.0 = Debug|Windows Mobile 5.0 Smartphone SDK (ARMV4I)
		{3CF0EE1E-FECA-1BAD-4789-8A65A6554139}.Release|Pocket PC 2003 (ARMV4).ActiveCfg = Release|Pocket PC 2003 (ARMV4)
		{3CF0EE1E-FECA-1BAD-4789-8A65A6554139}.Release|Pocket PC 2003 (ARMV4).Build.0 = Release|Pocket PC 2003 (ARMV4)
		{3CF0EE1E-FECA-1BAD-4789-8A65A6554139}.Release|Smartphone 2003 (ARMV4).ActiveCfg = Release|Smartphone 2003 (ARMV4)
		{3CF0EE1E-FECA-1BAD-4789-8A65A6554139}.Release|Smartphone 2003 (ARMV4).Build.0 = Release|Smartphone 2003 (ARMV4)
		{3CF0EE1E-FECA-1BAD-4789-8A65A6554139}.Release|Windows Mobile 5.0 Pocket PC SDK (ARMV4I).ActiveCfg = Release|Windows Mobile 5.0 Pocket PC SDK (ARMV4I)
		{3CF0EE1E-FECA-1BAD-4789-8A65A6554139}.Release|Windows Mobile 5.0 Pocket PC SDK (ARMV4I).Build.0 = Release|Windows Mobile 5.0 Pocket PC SDK (ARMV4I)
		{3CF0EE1E-FECA-1BAD-4789-8A65A6554139}.Release|Windows Mobile 5.0 Smartphone SDK (ARMV4I).ActiveCfg = Release|Windows Mobile 5.0 Smartphone SDK (ARMV4I)
		{3CF0EE1E-FECA-1BAD-4789-8A65A6554139}.Release|Windows Mobile 5.0 Smartphone SDK (ARMV4I).Build.0 = Release|Windows Mobile 5.0 Smartphone SDK (ARMV4I)
		{A9FB8D26-FECA-1BAD-5E66-8A65A65558D6}.Debug|Pocket PC 2003 (ARMV4).ActiveCfg = Debug|Pocket PC 2003 (ARMV4)
		{A9FB8D26-FECA-1BAD-5E66-8A65A65558D6}.Debug|Pocket PC 2003 (ARMV4).Build.0 = Debug|Pocket PC 2003 (ARMV4)
		{A9FB8D26-FECA-1BAD-5E66-8A65A65558D6}.Debug|Smartphone 2003 (ARMV4).ActiveCfg = Debug|Smartphone 2003 (ARMV4)
		{A9FB8D26-FECA-1BAD-5E66-8A65A65558D6}.Debug|Smartphone 2003 (ARMV4).Build.0 = Debug|Smartphone 2003 (ARMV4)
		{A9FB8D26-FECA-1BAD-5E66-8A65A65558D6}.Debug|Windows Mobile 5.0 Pocket PC SDK (ARMV4I).ActiveCfg = Debug|Windows Mobile 5.0 Pocket PC SDK (ARMV4I)
		{A9FB8D26-FECA-1BAD-5E66-8A65A65558D6}.Debug|Windows Mobile 5.0 Pocket PC SDK (ARMV4I).Build.0 = Debug|Windows Mobile 5.0 Pocket PC SDK (ARMV4I)
		{A9FB8D26-FECA-1BAD-5E66-8A65A65558D6}.Debug|Windows Mobile 5.0 Smartphone SDK (ARMV4I).ActiveCfg = Debug|Windows Mobile 5.0 Smartphone SDK (ARMV4I)
		{A9FB8D26-FECA-1BAD-5E66-8A65A65558D6}.Debug|Windows Mobile 5.0 Smartphone SDK (ARMV4I).Build.0 = Debug|Windows Mobile 5.0 Smartphone SDK (ARMV4I)
		{A9FB8D26-FECA-1BAD-5E66-8A65A65558D6}.Release|Pocket PC 2003 (ARMV4).ActiveCfg = Release|Pocket PC 2003 (ARMV4)
		{A9FB8D26-FECA-1BAD-5E66-8A65A65558D6}.Release|Pocket PC 2003 (ARMV4).Build.0 = Release|Pocket PC 2003 (ARMV4)
		{A9FB8D26-FECA-1BAD-5E66-8A65A65558D6}.Release|Smartphone 2003 (ARMV4).ActiveCfg = Release|Smartphone 2003 (ARMV4)
		{A9FB8D26-FECA-1BAD-5E66-8A65A65558D6}.Release|Smartphone 2003 (ARMV4).Build.0 = Release|Smartphone 2003 (ARMV4)
		{A9FB8D26-FECA-1BAD-5E66-8A65A65558D6}.Release|Windows Mobile 5.0 Pocket PC SDK (ARMV4I).ActiveCfg = Release|Windows Mobile 5.0 Pocket PC SDK (ARMV4I)
		{A9FB8D26-FECA-1BAD-5E66-8A65A65558D6}.Release|Windows Mobile 5.0 Pocket PC SDK (ARMV4I).Build.0 = Release|Windows Mobile 5.0 Pocket PC SDK (ARMV4I)
		{A9FB8D26-FECA-1BAD-5E66-8A65A65558D6}.Release|Windows Mobile 5.0 Smartphone SDK (ARMV4I).ActiveCfg = Release|Windows Mobile 5.0 Smartphone SDK (ARMV4I)
		{A9FB8D26-FECA-1BAD-5E66-8A65A65558D6}.Release|Windows Mobile 5.0 Smartphone SDK (ARMV4I).Build.0 = Release|Windows Mobile 5.0 Smartphone SDK (ARMV4I)
		{1E7FFE94-FECA-1BAD-5E66-8A65A65558D6}.Debug|Pocket PC 2003 (ARMV4).ActiveCfg = Debug|Pocket PC 2003 (ARMV4)
		{1E7FFE94-FECA-1BAD-5E66-8A65A65558D6}.Debug|Pocket PC 2003 (ARMV4).Build.0 = Debug|Pocket PC 2003 (ARMV4)
		{1E7FFE94-FECA-1BAD-5E66-8A65A65558D6}.Debug|Smartphone 2003 (ARMV4).ActiveCfg = Debug|Smartphone 2003 (ARMV4)
		{1E7FFE94-FECA-1BAD-5E66-8A65A65558D6}.Debug|Smartphone 2003 (ARMV4).Build.0 = Debug|Smartphone 2003 (ARMV4)
		{1E7FFE94-FECA-1BAD-5E66-8A65A65558D6}.Debug|Windows Mobile 5.0 Pocket PC SDK (ARMV4I).ActiveCfg = Debug|Windows Mobile 5.0 Pocket PC SDK (ARMV4I)
		{1E7FFE94-FECA-1BAD-5E66-8A65A65558D6}.Debug|Windows Mobile 5.0 Pocket PC SDK (ARMV4I).Build.0 = Debug|Windows Mobile 5.0 Pocket PC SDK (ARMV4I)
		{1E7FFE94-FECA-1BAD-5E66-8A65A65558D6}.Debug|Windows Mobile 5.0 Smartphone SDK (ARMV4I).ActiveCfg = Debug|Windows Mobile 5.0 Smartphone SDK (ARMV4I)
		{1E7FFE94-FECA-1BAD-5E66-8A65A65558D6}.Debug|Windows Mobile 5.0 Smartphone SDK (ARMV4I).Build.0 = Debug|Windows Mobile 5.0 Smartphone SDK (ARMV4I)
		{1E7FFE94-FECA-1BAD-5E66-8A65A65558D6}.Release|Pocket PC 2003 (ARMV4).ActiveCfg = Release|Pocket PC 2003 (ARMV4)
		{1E7FFE94-FECA-1BAD-5E66-8A65A65558D6}.Release|Pocket PC 2003 (ARMV4).Build.0 = Release|Pocket PC 2003 (ARMV4)
		{1E7FFE94-FECA-1BAD-5E66-8A65A65558D6}.Release|Smartphone 2003 (ARMV4).ActiveCfg = Release|Smartphone 2003 (ARMV4)
		{1E7FFE94-FECA-1BAD-5E66-8A65A65558D6}.Release|Smartphone 2003 (ARMV4).Build.0 = Release|Smartphone 2003 (ARMV4)
		{1E7FFE94-FECA-1BAD-5E66-8A65A65558D6}.Release|Windows Mobile 5.0 Pocket PC SDK (ARMV4I).ActiveCfg = Release|Windows Mobile 5.0 Pocket PC SDK (ARMV4I)
		{1E7FFE94-FECA-1BAD-5E66-8A65A65558D6}.Release|Windows Mobile 5.0 Pocket PC SDK (ARMV4I).Build.0 = Release|Windows Mobile 5.0 Pocket PC SDK (ARMV4I)
		{1E7FFE94-FECA-1BAD-5E66-8A65A65558D6}.Release|Windows Mobile 5.0 Smartphone SDK (ARMV4I).ActiveCfg = Release|Windows Mobile 5.0 Smartphone SDK (ARMV4I)
		{1E7FFE94-FECA-1BAD-5E66-8A65A65558D6}.Release|Windows Mobile 5.0 Smartphone SDK (ARMV4I).Build.0 = Release|Windows Mobile 5.0 Smartphone SDK (ARMV4I)
		{251FEE1E-FECA-1BAD-5E66-8A65A65558D6}.Debug|Pocket PC 2003 (ARMV4).ActiveCfg = Debug|Pocket PC 2003 (ARMV4)
		{251FEE1E-FECA-1BAD-5E66-8A65A65558D6}.Debug|Pocket PC 2003 (ARMV4).Build.0 = Debug|Pocket PC 2003 (ARMV4)
		{251FEE1E-FECA-1BAD-5E66-8A65A65558D6}.Debug|Smartphone 2003 (ARMV4).ActiveCfg = Debug|Smartphone 2003 (ARMV4)
		{251FEE1E-FECA-1BAD-5E66-8A65A65558D6}.Debug|Smartphone 2003 (ARMV4).Build.0 = Debug|Smartphone 2003 (ARMV4)
		{251FEE1E-FECA-1BAD-5E66-8A65A65558D6}.Debug|Windows Mobile 5.0 Pocket PC SDK (ARMV4I).ActiveCfg = Debug|Windows Mobile 5.0 Pocket PC SDK (ARMV4I)
		{251FEE1E-FECA-1BAD-5E66-8A65A65558D6}.Debug|Windows Mobile 5.0 Pocket PC SDK (ARMV4I).Build.0 = Debug|Windows Mobile 5.0 Pocket PC SDK (ARMV4I)
		{251FEE1E-FECA-1BAD-5E66-8A65A65558D6}.Debug|Windows Mobile 5.0 Smartphone SDK (ARMV4I).ActiveCfg = Debug|Windows Mobile 5.0 Smartphone SDK (ARMV4I)
		{251FEE1E-FECA-1BAD-5E66-8A65A65558D6}.Debug|Windows Mobile 5.0 Smartphone SDK (ARMV4I).Build.0 = Debug|Windows Mobile 5.0 Smartphone SDK (ARMV4I)
		{251FEE1E-FECA-1BAD-5E66-8A65A65558D6}.Release|Pocket PC 2003 (ARMV4).ActiveCfg = Release|Pocket PC 2003 (ARMV4)
		{251FEE1E-FECA-1BAD-5E66-8A65A65558D6}.Release|Pocket PC 2003 (ARMV4).Build.0 = Release|Pocket PC 2003 (ARMV4)
		{251FEE1E-FECA-1BAD-5E66-8A65A65558D6}.Release|Smartphone 2003 (ARMV4).ActiveCfg = Release|Smartphone 2003 (ARMV4)
		{251FEE1E-FECA-1BAD-5E66-8A65A65558D6}.Release|Smartphone 2003 (ARMV4).Build.0 = Release|Smartphone 2003 (ARMV4)
		{251FEE1E-FECA-1BAD-5E66-8A65A65558D6}.Release|Windows Mobile 5.0 Pocket PC SDK (ARMV4I).ActiveCfg = Release|Windows Mobile 5.0 Pocket PC SDK (ARMV4I)
		{251FEE1E-FECA-1BAD-5E66-8A65A65558D6}.Release|Windows Mobile 5.0 Pocket PC SDK (ARMV4I).Build.0 = Release|Windows Mobile 5.0 Pocket PC SDK (ARMV4I)
		{251FEE1E-FECA-1BAD-5E66-8A65A65558D6}.Release|Windows Mobile 5.0 Smartphone SDK (ARMV4I).ActiveCfg = Release|Windows Mobile 5.0 Smartphone SDK (ARMV4I)
		{251FEE1E-FECA-1BAD-5E66-8A65A65558D6}.Release|Windows Mobile 5.0 Smartphone SDK (ARMV4I).Build.0 = Release|Windows Mobile 5.0 Smartphone SDK (ARMV4I)
		{A9FD3596-FECA-1BAD-35ED-8A65A655335D}.Debug|Pocket PC 2003 (ARMV4).ActiveCfg = Debug|Pocket PC 2003 (ARMV4)
		{A9FD3596-FECA-1BAD-35ED-8A65A655335D}.Debug|Pocket PC 2003 (ARMV4).Build.0 = Debug|Pocket PC 2003 (ARMV4)
		{A9FD3596-FECA-1BAD-35ED-8A65A655335D}.Debug|Smartphone 2003 (ARMV4).ActiveCfg = Debug|Smartphone 2003 (ARMV4)
		{A9FD3596-FECA-1BAD-35ED-8A65A655335D}.Debug|Smartphone 2003 (ARMV4).Build.0 = Debug|Smartphone 2003 (ARMV4)
		{A9FD3596-FECA-1BAD-35ED-8A65A655335D}.Debug|Windows Mobile 5.0 Pocket PC SDK (ARMV4I).ActiveCfg = Debug|Windows Mobile 5.0 Pocket PC SDK (ARMV4I)
		{A9FD3596-FECA-1BAD-35ED-8A65A655335D}.Debug|Windows Mobile 5.0 Pocket PC SDK (ARMV4I).Build.0 = Debug|Windows Mobile 5.0 Pocket PC SDK (ARMV4I)
		{A9FD3596-FECA-1BAD-35ED-8A65A655335D}.Debug|Windows Mobile 5.0 Smartphone SDK (ARMV4I).ActiveCfg = Debug|Windows Mobile 5.0 Smartphone SDK (ARMV4I)
		{A9FD3596-FECA-1BAD-35ED-8A65A655335D}.Debug|Windows Mobile 5.0 Smartphone SDK (ARMV4I).Build.0 = Debug|Windows Mobile 5.0 Smartphone SDK (ARMV4I)
		{A9FD3596-FECA-1BAD-35ED-8A65A655335D}.Release|Pocket PC 2003 (ARMV4).ActiveCfg = Release|Pocket PC 2003 (ARMV4)
		{A9FD3596-FECA-1BAD-35ED-8A65A655335D}.Release|Pocket PC 2003 (ARMV4).Build.0 = Release|Pocket PC 2003 (ARMV4)
		{A9FD3596-FECA-1BAD-35ED-8A65A655335D}.Release|Smartphone 2003 (ARMV4).ActiveCfg = Release|Smartphone 2003 (ARMV4)
		{A9FD3596-FECA-1BAD-35ED-8A65A655335D}.Release|Smartphone 2003 (ARMV4).Build.0 = Release|Smartphone 2003 (ARMV4)
		{A9FD3596-FECA-1BAD-35ED-8A65A655335D}.Release|Windows Mobile 5.0 Pocket PC SDK (ARMV4I).ActiveCfg = Release|Windows Mobile 5.0 Pocket PC SDK (ARMV4I)
		{A9FD3596-FECA-1BAD-35ED-8A65A655335D}.Release|Windows Mobile 5.0 Pocket PC SDK (ARMV4I).Build.0 = Release|Windows Mobile 5.0 Pocket PC SDK (ARMV4I)
		{A9FD3596-FECA-1BAD-35ED-8A65A655335D}.Release|Windows Mobile 5.0 Smartphone SDK (ARMV4I).ActiveCfg = Release|Windows Mobile 5.0 Smartphone SDK (ARMV4I)
		{A9FD3596-FECA-1BAD-35ED-8A65A655335D}.Release|Windows Mobile 5.0 Smartphone SDK (ARMV4I).Build.0 = Release|Windows Mobile 5.0 Smartphone SDK (ARMV4I)
		{75F4FE94-FECA-1BAD-35ED-8A65A655335D}.Debug|Pocket PC 2003 (ARMV4).ActiveCfg = Debug|Pocket PC 2003 (ARMV4)
		{75F4FE94-FECA-1BAD-35ED-8A65A655335D}.Debug|Pocket PC 2003 (ARMV4).Build.0 = Debug|Pocket PC 2003 (ARMV4)
		{75F4FE94-FECA-1BAD-35ED-8A65A655335D}.Debug|Smartphone 2003 (ARMV4).ActiveCfg = Debug|Smartphone 2003 (ARMV4)
		{75F4FE94-FECA-1BAD-35ED-8A65A655335D}.Debug|Smartphone 2003 (ARMV4).Build.0 = Debug|Smartphone 2003 (ARMV4)
		{75F4FE94-FECA-1BAD-35ED-8A65A655335D}.Debug|Windows Mobile 5.0 Pocket PC SDK (ARMV4I).ActiveCfg = Debug|Windows Mobile 5.0 Pocket PC SDK (ARMV4I)
		{75F4FE94-FECA-1BAD-35ED-8A65A655335D}.Debug|Windows Mobile 5.0 Pocket PC SDK (ARMV4I).Build.0 = Debug|Windows Mobile 5.0 Pocket PC SDK (ARMV4I)
		{75F4FE94-FECA-1BAD-35ED-8A65A655335D}.Debug|Windows Mobile 5.0 Smartphone SDK (ARMV4I).ActiveCfg = Debug|Windows Mobile 5.0 Smartphone SDK (ARMV4I)
		{75F4FE94-FECA-1BAD-35ED-8A65A655335D}.Debug|Windows Mobile 5.0 Smartphone SDK (ARMV4I).Build.0 = Debug|Windows Mobile 5.0 Smartphone SDK (ARMV4I)
		{75F4FE94-FECA-1BAD-35ED-8A65A655335D}.Release|Pocket PC 2003 (ARMV4).ActiveCfg = Release|Pocket PC 2003 (ARMV4)
		{75F4FE94-FECA-1BAD-35ED-8A65A655335D}.Release|Pocket PC 2003 (ARMV4).Build.0 = Release|Pocket PC 2003 (ARMV4)
		{75F4FE94-FECA-1BAD-35ED-8A65A655335D}.Release|Smartphone 2003 (ARMV4).ActiveCfg = Release|Smartphone 2003 (ARMV4)
		{75F4FE94-FECA-1BAD-35ED-8A65A655335D}.Release|Smartphone 2003 (ARMV4).Build.0 = Release|Smartphone 2003 (ARMV4)
		{75F4FE94-FECA-1BAD-35ED-8A65A655335D}.Release|Windows Mobile 5.0 Pocket PC SDK (ARMV4I).ActiveCfg = Release|Windows Mobile 5.0 Pocket PC SDK (ARMV4I)
		{75F4FE94-FECA-1BAD-35ED-8A65A655335D}.Release|Windows Mobile 5.0 Pocket PC SDK (ARMV4I).Build.0 = Release|Windows Mobile 5.0 Pocket PC SDK (ARMV4I)
		{75F4FE94-FECA-1BAD-35ED-8A65A655335D}.Release|Windows Mobile 5.0 Smartphone SDK (ARMV4I).ActiveCfg = Release|Windows Mobile 5.0 Smartphone SDK (ARMV4I)
		{75F4FE94-FECA-1BAD-35ED-8A65A655335D}.Release|Windows Mobile 5.0 Smartphone SDK (ARMV4I).Build.0 = Release|Windows Mobile 5.0 Smartphone SDK (ARMV4I)
		{4E94EE1E-FECA-1BAD-35ED-8A65A655335D}.Debug|Pocket PC 2003 (ARMV4).ActiveCfg = Debug|Pocket PC 2003 (ARMV4)
		{4E94EE1E-FECA-1BAD-35ED-8A65A655335D}.Debug|Pocket PC 2003 (ARMV4).Build.0 = Debug|Pocket PC 2003 (ARMV4)
		{4E94EE1E-FECA-1BAD-35ED-8A65A655335D}.Debug|Smartphone 2003 (ARMV4).ActiveCfg = Debug|Smartphone 2003 (ARMV4)
		{4E94EE1E-FECA-1BAD-35ED-8A65A655335D}.Debug|Smartphone 2003 (ARMV4).Build.0 = Debug|Smartphone 2003 (ARMV4)
		{4E94EE1E-FECA-1BAD-35ED-8A65A655335D}.Debug|Windows Mobile 5.0 Pocket PC SDK (ARMV4I).ActiveCfg = Debug|Windows Mobile 5.0 Pocket PC SDK (ARMV4I)
		{4E94EE1E-FECA-1BAD-35ED-8A65A655335D}.Debug|Windows Mobile 5.0 Pocket PC SDK (ARMV4I).Build.0 = Debug|Windows Mobile 5.0 Pocket PC SDK (ARMV4I)
		{4E94EE1E-FECA-1BAD-35ED-8A65A655335D}.Debug|Windows Mobile 5.0 Smartphone SDK (ARMV4I).ActiveCfg = Debug|Windows Mobile 5.0 Smartphone SDK (ARMV4I)
		{4E94EE1E-FECA-1BAD-35ED-8A65A655335D}.Debug|Windows Mobile 5.0 Smartphone SDK (ARMV4I).Build.0 = Debug|Windows Mobile 5.0 Smartphone SDK (ARMV4I)
		{4E94EE1E-FECA-1BAD-35ED-8A65A655335D}.Release|Pocket PC 2003 (ARMV4).ActiveCfg = Release|Pocket PC 2003 (ARMV4)
		{4E94EE1E-FECA-1BAD-35ED-8A65A655335D}.Release|Pocket PC 2003 (ARMV4).Build.0 = Release|Pocket PC 2003 (ARMV4)
		{4E94EE1E-FECA-1BAD-35ED-8A65A655335D}.Release|Smartphone 2003 (ARMV4).ActiveCfg = Release|Smartphone 2003 (ARMV4)
		{4E94EE1E-FECA-1BAD-35ED-8A65A655335D}.Release|Smartphone 2003 (ARMV4).Build.0 = Release|Smartphone 2003 (ARMV4)
		{4E94EE1E-FECA-1BAD-35ED-8A65A655335D}.Release|Windows Mobile 5.0 Pocket PC SDK (ARMV4I).ActiveCfg = Release|Windows Mobile 5.0 Pocket PC SDK (ARMV4I)
		{4E94EE1E-FECA-1BAD-35ED-8A65A655335D}.Release|Windows Mobile 5.0 Pocket PC SDK (ARMV4I).Build.0 = Release|Windows Mobile 5.0 Pocket PC SDK (ARMV4I)
		{4E94EE1E-FECA-1BAD-35ED-8A65A655335D}.Release|Windows Mobile 5.0 Smartphone SDK (ARMV4I).ActiveCfg = Release|Windows Mobile 5.0 Smartphone SDK (ARMV4I)
		{4E94EE1E-FECA-1BAD-35ED-8A65A655335D}.Release|Windows Mobile 5.0 Smartphone SDK (ARMV4I).Build.0 = Release|Windows Mobile 5.0 Smartphone SDK (ARMV4I)
		{A9FE2426-FECA-1BAD-04F6-8A65A6550246}.Debug|Pocket PC 2003 (ARMV4).ActiveCfg = Debug|Pocket PC 2003 (ARMV4)
		{A9FE2426-FECA-1BAD-04F6-8A65A6550246}.Debug|Pocket PC 2003 (ARMV4).Build.0 = Debug|Pocket PC 2003 (ARMV4)
		{A9FE2426-FECA-1BAD-04F6-8A65A6550246}.Debug|Smartphone 2003 (ARMV4).ActiveCfg = Debug|Smartphone 2003 (ARMV4)
		{A9FE2426-FECA-1BAD-04F6-8A65A6550246}.Debug|Smartphone 2003 (ARMV4).Build.0 = Debug|Smartphone 2003 (ARMV4)
		{A9FE2426-FECA-1BAD-04F6-8A65A6550246}.Debug|Windows Mobile 5.0 Pocket PC SDK (ARMV4I).ActiveCfg = Debug|Windows Mobile 5.0 Pocket PC SDK (ARMV4I)
		{A9FE2426-FECA-1BAD-04F6-8A65A6550246}.Debug|Windows Mobile 5.0 Pocket PC SDK (ARMV4I).Build.0 = Debug|Windows Mobile 5.0 Pocket PC SDK (ARMV4I)
		{A9FE2426-FECA-1BAD-04F6-8A65A6550246}.Debug|Windows Mobile 5.0 Smartphone SDK (ARMV4I).ActiveCfg = Debug|Windows Mobile 5.0 Smartphone SDK (ARMV4I)
		{A9FE2426-FECA-1BAD-04F6-8A65A6550246}.Debug|Windows Mobile 5.0 Smartphone SDK (ARMV4I).Build.0 = Debug|Windows Mobile 5.0 Smartphone SDK (ARMV4I)
		{A9FE2426-FECA-1BAD-04F6-8A65A6550246}.Release|Pocket PC 2003 (ARMV4).ActiveCfg = Release|Pocket PC 2003 (ARMV4)
		{A9FE2426-FECA-1BAD-04F6-8A65A6550246}.Release|Pocket PC 2003 (ARMV4).Build.0 = Release|Pocket PC 2003 (ARMV4)
		{A9FE2426-FECA-1BAD-04F6-8A65A6550246}.Release|Smartphone 2003 (ARMV4).ActiveCfg = Release|Smartphone 2003 (ARMV4)
		{A9FE2426-FECA-1BAD-04F6-8A65A6550246}.Release|Smartphone 2003 (ARMV4).Build.0 = Release|Smartphone 2003 (ARMV4)
		{A9FE2426-FECA-1BAD-04F6-8A65A6550246}.Release|Windows Mobile 5.0 Pocket PC SDK (ARMV4I).ActiveCfg = Release|Windows Mobile 5.0 Pocket PC SDK (ARMV4I)
		{A9FE2426-FECA-1BAD-04F6-8A65A6550246}.Release|Windows Mobile 5.0 Pocket PC SDK (ARMV4I).Build.0 = Release|Windows Mobile 5.0 Pocket PC SDK (ARMV4I)
		{A9FE2426-FECA-1BAD-04F6-8A65A6550246}.Release|Windows Mobile 5.0 Smartphone SDK (ARMV4I).ActiveCfg = Release|Windows Mobile 5.0 Smartphone SDK (ARMV4I)
		{A9FE2426-FECA-1BAD-04F6-8A65A6550246}.Release|Windows Mobile 5.0 Smartphone SDK (ARMV4I).Build.0 = Release|Windows Mobile 5.0 Smartphone SDK (ARMV4I)
		{44EFFE94-FECA-1BAD-04F6-8A65A6550246}.Debug|Pocket PC 2003 (ARMV4).ActiveCfg = Debug|Pocket PC 2003 (ARMV4)
		{44EFFE94-FECA-1BAD-04F6-8A65A6550246}.Debug|Pocket PC 2003 (ARMV4).Build.0 = Debug|Pocket PC 2003 (ARMV4)
		{44EFFE94-FECA-1BAD-04F6-8A65A6550246}.Debug|Smartphone 2003 (ARMV4).ActiveCfg = Debug|Smartphone 2003 (ARMV4)
		{44EFFE94-FECA-1BAD-04F6-8A65A6550246}.Debug|Smartphone 2003 (ARMV4).Build.0 = Debug|Smartphone 2003 (ARMV4)
		{44EFFE94-FECA-1BAD-04F6-8A65A6550246}.Debug|Windows Mobile 5.0 Pocket PC SDK (ARMV4I).ActiveCfg = Debug|Windows Mobile 5.0 Pocket PC SDK (ARMV4I)
		{44EFFE94-FECA-1BAD-04F6-8A65A6550246}.Debug|Windows Mobile 5.0 Pocket PC SDK (ARMV4I).Build.0 = Debug|Windows Mobile 5.0 Pocket PC SDK (ARMV4I)
		{44EFFE94-FECA-1BAD-04F6-8A65A6550246}.Debug|Windows Mobile 5.0 Smartphone SDK (ARMV4I).ActiveCfg = Debug|Windows Mobile 5.0 Smartphone SDK (ARMV4I)
		{44EFFE94-FECA-1BAD-04F6-8A65A6550246}.Debug|Windows Mobile 5.0 Smartphone SDK (ARMV4I).Build.0 = Debug|Windows Mobile 5.0 Smartphone SDK (ARMV4I)
		{44EFFE94-FECA-1BAD-04F6-8A65A6550246}.Release|Pocket PC 2003 (ARMV4).ActiveCfg = Release|Pocket PC 2003 (ARMV4)
		{44EFFE94-FECA-1BAD-04F6-8A65A6550246}.Release|Pocket PC 2003 (ARMV4).Build.0 = Release|Pocket PC 2003 (ARMV4)
		{44EFFE94-FECA-1BAD-04F6-8A65A6550246}.Release|Smartphone 2003 (ARMV4).ActiveCfg = Release|Smartphone 2003 (ARMV4)
		{44EFFE94-FECA-1BAD-04F6-8A65A6550246}.Release|Smartphone 2003 (ARMV4).Build.0 = Release|Smartphone 2003 (ARMV4)
		{44EFFE94-FECA-1BAD-04F6-8A65A6550246}.Release|Windows Mobile 5.0 Pocket PC SDK (ARMV4I).ActiveCfg = Release|Windows Mobile 5.0 Pocket PC SDK (ARMV4I)
		{44EFFE94-FECA-1BAD-04F6-8A65A6550246}.Release|Windows Mobile 5.0 Pocket PC SDK (ARMV4I).Build.0 = Release|Windows Mobile 5.0 Pocket PC SDK (ARMV4I)
		{44EFFE94-FECA-1BAD-04F6-8A65A6550246}.Release|Windows Mobile 5.0 Smartphone SDK (ARMV4I).ActiveCfg = Release|Windows Mobile 5.0 Smartphone SDK (ARMV4I)
		{44EFFE94-FECA-1BAD-04F6-8A65A6550246}.Release|Windows Mobile 5.0 Smartphone SDK (ARMV4I).Build.0 = Release|Windows Mobile 5.0 Smartphone SDK (ARMV4I)
		{7F8FEE1E-FECA-1BAD-04F6-8A65A6550246}.Debug|Pocket PC 2003 (ARMV4).ActiveCfg = Debug|Pocket PC 2003 (ARMV4)
		{7F8FEE1E-FECA-1BAD-04F6-8A65A6550246}.Debug|Pocket PC 2003 (ARMV4).Build.0 = Debug|Pocket PC 2003 (ARMV4)
		{7F8FEE1E-FECA-1BAD-04F6-8A65A6550246}.Debug|Smartphone 2003 (ARMV4).ActiveCfg = Debug|Smartphone 2003 (ARMV4)
		{7F8FEE1E-FECA-1BAD-04F6-8A65A6550246}.Debug|Smartphone 2003 (ARMV4).Build.0 = Debug|Smartphone 2003 (ARMV4)
		{7F8FEE1E-FECA-1BAD-04F6-8A65A6550246}.Debug|Windows Mobile 5.0 Pocket PC SDK (ARMV4I).ActiveCfg = Debug|Windows Mobile 5.0 Pocket PC SDK (ARMV4I)
		{7F8FEE1E-FECA-1BAD-04F6-8A65A6550246}.Debug|Windows Mobile 5.0 Pocket PC SDK (ARMV4I).Build.0 = Debug|Windows Mobile 5.0 Pocket PC SDK (ARMV4I)
		{7F8FEE1E-FECA-1BAD-04F6-8A65A6550246}.Debug|Windows Mobile 5.0 Smartphone SDK (ARMV4I).ActiveCfg = Debug|Windows Mobile 5.0 Smartphone SDK (ARMV4I)
		{7F8FEE1E-FECA-1BAD-04F6-8A65A6550246}.Debug|Windows Mobile 5.0 Smartphone SDK (ARMV4I).Build.0 = Debug|Windows Mobile 5.0 Smartphone SDK (ARMV4I)
		{7F8FEE1E-FECA-1BAD-04F6-8A65A6550246}.Release|Pocket PC 2003 (ARMV4).ActiveCfg = Release|Pocket PC 2003 (ARMV4)
		{7F8FEE1E-FECA-1BAD-04F6-8A65A6550246}.Release|Pocket PC 2003 (ARMV4).Build.0 = Release|Pocket PC 2003 (ARMV4)
		{7F8FEE1E-FECA-1BAD-04F6-8A65A6550246}.Release|Smartphone 2003 (ARMV4).ActiveCfg = Release|Smartphone 2003 (ARMV4)
		{7F8FEE1E-FECA-1BAD-04F6-8A65A6550246}.Release|Smartphone 2003 (ARMV4).Build.0 = Release|Smartphone 2003 (ARMV4)
		{7F8FEE1E-FECA-1BAD-04F6-8A65A6550246}.Release|Windows Mobile 5.0 Pocket PC SDK (ARMV4I).ActiveCfg = Release|Windows Mobile 5.0 Pocket PC SDK (ARMV4I)
		{7F8FEE1E-FECA-1BAD-04F6-8A65A6550246}.Release|Windows Mobile 5.0 Pocket PC SDK (ARMV4I).Build.0 = Release|Windows Mobile 5.0 Pocket PC SDK (ARMV4I)
		{7F8FEE1E-FECA-1BAD-04F6-8A65A6550246}.Release|Windows Mobile 5.0 Smartphone SDK (ARMV4I).ActiveCfg = Release|Windows Mobile 5.0 Smartphone SDK (ARMV4I)
		{7F8FEE1E-FECA-1BAD-04F6-8A65A6550246}.Release|Windows Mobile 5.0 Smartphone SDK (ARMV4I).Build.0 = Release|Windows Mobile 5.0 Smartphone SDK (ARMV4I)
		{C6997A3F-FECA-1BAD-86A0-2ECC90514367}.Debug|Pocket PC 2003 (ARMV4).ActiveCfg = Debug|Pocket PC 2003 (ARMV4)
		{C6997A3F-FECA-1BAD-86A0-2ECC90514367}.Debug|Pocket PC 2003 (ARMV4).Build.0 = Debug|Pocket PC 2003 (ARMV4)
		{C6997A3F-FECA-1BAD-86A0-2ECC90514367}.Debug|Smartphone 2003 (ARMV4).ActiveCfg = Debug|Smartphone 2003 (ARMV4)
		{C6997A3F-FECA-1BAD-86A0-2ECC90514367}.Debug|Smartphone 2003 (ARMV4).Build.0 = Debug|Smartphone 2003 (ARMV4)
		{C6997A3F-FECA-1BAD-86A0-2ECC90514367}.Debug|Windows Mobile 5.0 Pocket PC SDK (ARMV4I).ActiveCfg = Debug|Windows Mobile 5.0 Pocket PC SDK (ARMV4I)
		{C6997A3F-FECA-1BAD-86A0-2ECC90514367}.Debug|Windows Mobile 5.0 Pocket PC SDK (ARMV4I).Build.0 = Debug|Windows Mobile 5.0 Pocket PC SDK (ARMV4I)
		{C6997A3F-FECA-1BAD-86A0-2ECC90514367}.Debug|Windows Mobile 5.0 Smartphone SDK (ARMV4I).ActiveCfg = Debug|Windows Mobile 5.0 Smartphone SDK (ARMV4I)
		{C6997A3F-FECA-1BAD-86A0-2ECC90514367}.Debug|Windows Mobile 5.0 Smartphone SDK (ARMV4I).Build.0 = Debug|Windows Mobile 5.0 Smartphone SDK (ARMV4I)
		{C6997A3F-FECA-1BAD-86A0-2ECC90514367}.Release|Pocket PC 2003 (ARMV4).ActiveCfg = Release|Pocket PC 2003 (ARMV4)
		{C6997A3F-FECA-1BAD-86A0-2ECC90514367}.Release|Pocket PC 2003 (ARMV4).Build.0 = Release|Pocket PC 2003 (ARMV4)
		{C6997A3F-FECA-1BAD-86A0-2ECC90514367}.Release|Smartphone 2003 (ARMV4).ActiveCfg = Release|Smartphone 2003 (ARMV4)
		{C6997A3F-FECA-1BAD-86A0-2ECC90514367}.Release|Smartphone 2003 (ARMV4).Build.0 = Release|Smartphone 2003 (ARMV4)
		{C6997A3F-FECA-1BAD-86A0-2ECC90514367}.Release|Windows Mobile 5.0 Pocket PC SDK (ARMV4I).ActiveCfg = Release|Windows Mobile 5.0 Pocket PC SDK (ARMV4I)
		{C6997A3F-FECA-1BAD-86A0-2ECC90514367}.Release|Windows Mobile 5.0 Pocket PC SDK (ARMV4I).Build.0 = Release|Windows Mobile 5.0 Pocket PC SDK (ARMV4I)
		{C6997A3F-FECA-1BAD-86A0-2ECC90514367}.Release|Windows Mobile 5.0 Smartphone SDK (ARMV4I).ActiveCfg = Release|Windows Mobile 5.0 Smartphone SDK (ARMV4I)
		{C6997A3F-FECA-1BAD-86A0-2ECC90514367}.Release|Windows Mobile 5.0 Smartphone SDK (ARMV4I).Build.0 = Release|Windows Mobile 5.0 Smartphone SDK (ARMV4I)
		{9CA6034C-FECA-1BAD-86A0-2ECC90514367}.Debug|Pocket PC 2003 (ARMV4).ActiveCfg = Debug|Pocket PC 2003 (ARMV4)
		{9CA6034C-FECA-1BAD-86A0-2ECC90514367}.Debug|Pocket PC 2003 (ARMV4).Build.0 = Debug|Pocket PC 2003 (ARMV4)
		{9CA6034C-FECA-1BAD-86A0-2ECC90514367}.Debug|Smartphone 2003 (ARMV4).ActiveCfg = Debug|Smartphone 2003 (ARMV4)
		{9CA6034C-FECA-1BAD-86A0-2ECC90514367}.Debug|Smartphone 2003 (ARMV4).Build.0 = Debug|Smartphone 2003 (ARMV4)
		{9CA6034C-FECA-1BAD-86A0-2ECC90514367}.Debug|Windows Mobile 5.0 Pocket PC SDK (ARMV4I).ActiveCfg = Debug|Windows Mobile 5.0 Pocket PC SDK (ARMV4I)
		{9CA6034C-FECA-1BAD-86A0-2ECC90514367}.Debug|Windows Mobile 5.0 Pocket PC SDK (ARMV4I).Build.0 = Debug|Windows Mobile 5.0 Pocket PC SDK (ARMV4I)
		{9CA6034C-FECA-1BAD-86A0-2ECC90514367}.Debug|Windows Mobile 5.0 Smartphone SDK (ARMV4I).ActiveCfg = Debug|Windows Mobile 5.0 Smartphone SDK (ARMV4I)
		{9CA6034C-FECA-1BAD-86A0-2ECC90514367}.Debug|Windows Mobile 5.0 Smartphone SDK (ARMV4I).Build.0 = Debug|Windows Mobile 5.0 Smartphone SDK (ARMV4I)
		{9CA6034C-FECA-1BAD-86A0-2ECC90514367}.Release|Pocket PC 2003 (ARMV4).ActiveCfg = Release|Pocket PC 2003 (ARMV4)
		{9CA6034C-FECA-1BAD-86A0-2ECC90514367}.Release|Pocket PC 2003 (ARMV4).Build.0 = Release|Pocket PC 2003 (ARMV4)
		{9CA6034C-FECA-1BAD-86A0-2ECC90514367}.Release|Smartphone 2003 (ARMV4).ActiveCfg = Release|Smartphone 2003 (ARMV4)
		{9CA6034C-FECA-1BAD-86A0-2ECC90514367}.Release|Smartphone 2003 (ARMV4).Build.0 = Release|Smartphone 2003 (ARMV4)
		{9CA6034C-FECA-1BAD-86A0-2ECC90514367}.Release|Windows Mobile 5.0 Pocket PC SDK (ARMV4I).ActiveCfg = Release|Windows Mobile 5.0 Pocket PC SDK (ARMV4I)
		{9CA6034C-FECA-1BAD-86A0-2ECC90514367}.Release|Windows Mobile 5.0 Pocket PC SDK (ARMV4I).Build.0 = Release|Windows Mobile 5.0 Pocket PC SDK (ARMV4I)
		{9CA6034C-FECA-1BAD-86A0-2ECC90514367}.Release|Windows Mobile 5.0 Smartphone SDK (ARMV4I).ActiveCfg = Release|Windows Mobile 5.0 Smartphone SDK (ARMV4I)
		{9CA6034C-FECA-1BAD-86A0-2ECC90514367}.Release|Windows Mobile 5.0 Smartphone SDK (ARMV4I).Build.0 = Release|Windows Mobile 5.0 Smartphone SDK (ARMV4I)
		{FDF96AB5-FECA-1BAD-86A0-2ECC90514367}.Debug|Pocket PC 2003 (ARMV4).ActiveCfg = Debug|Pocket PC 2003 (ARMV4)
		{FDF96AB5-FECA-1BAD-86A0-2ECC90514367}.Debug|Pocket PC 2003 (ARMV4).Build.0 = Debug|Pocket PC 2003 (ARMV4)
		{FDF96AB5-FECA-1BAD-86A0-2ECC90514367}.Debug|Smartphone 2003 (ARMV4).ActiveCfg = Debug|Smartphone 2003 (ARMV4)
		{FDF96AB5-FECA-1BAD-86A0-2ECC90514367}.Debug|Smartphone 2003 (ARMV4).Build.0 = Debug|Smartphone 2003 (ARMV4)
		{FDF96AB5-FECA-1BAD-86A0-2ECC90514367}.Debug|Windows Mobile 5.0 Pocket PC SDK (ARMV4I).ActiveCfg = Debug|Windows Mobile 5.0 Pocket PC SDK (ARMV4I)
		{FDF96AB5-FECA-1BAD-86A0-2ECC90514367}.Debug|Windows Mobile 5.0 Pocket PC SDK (ARMV4I).Build.0 = Debug|Windows Mobile 5.0 Pocket PC SDK (ARMV4I)
		{FDF96AB5-FECA-1BAD-86A0-2ECC90514367}.Debug|Windows Mobile 5.0 Smartphone SDK (ARMV4I).ActiveCfg = Debug|Windows Mobile 5.0 Smartphone SDK (ARMV4I)
		{FDF96AB5-FECA-1BAD-86A0-2ECC90514367}.Debug|Windows Mobile 5.0 Smartphone SDK (ARMV4I).Build.0 = Debug|Windows Mobile 5.0 Smartphone SDK (ARMV4I)
		{FDF96AB5-FECA-1BAD-86A0-2ECC90514367}.Release|Pocket PC 2003 (ARMV4).ActiveCfg = Release|Pocket PC 2003 (ARMV4)
		{FDF96AB5-FECA-1BAD-86A0-2ECC90514367}.Release|Pocket PC 2003 (ARMV4).Build.0 = Release|Pocket PC 2003 (ARMV4)
		{FDF96AB5-FECA-1BAD-86A0-2ECC90514367}.Release|Smartphone 2003 (ARMV4).ActiveCfg = Release|Smartphone 2003 (ARMV4)
		{FDF96AB5-FECA-1BAD-86A0-2ECC90514367}.Release|Smartphone 2003 (ARMV4).Build.0 = Release|Smartphone 2003 (ARMV4)
		{FDF96AB5-FECA-1BAD-86A0-2ECC90514367}.Release|Windows Mobile 5.0 Pocket PC SDK (ARMV4I).ActiveCfg = Release|Windows Mobile 5.0 Pocket PC SDK (ARMV4I)
		{FDF96AB5-FECA-1BAD-86A0-2ECC90514367}.Release|Windows Mobile 5.0 Pocket PC SDK (ARMV4I).Build.0 = Release|Windows Mobile 5.0 Pocket PC SDK (ARMV4I)
		{FDF96AB5-FECA-1BAD-86A0-2ECC90514367}.Release|Windows Mobile 5.0 Smartphone SDK (ARMV4I).ActiveCfg = Release|Windows Mobile 5.0 Smartphone SDK (ARMV4I)
		{FDF96AB5-FECA-1BAD-86A0-2ECC90514367}.Release|Windows Mobile 5.0 Smartphone SDK (ARMV4I).Build.0 = Release|Windows Mobile 5.0 Smartphone SDK (ARMV4I)
		{A9EC9036-FECA-1BAD-2FB7-8A64A6542907}.Debug|Pocket PC 2003 (ARMV4).ActiveCfg = Debug|Pocket PC 2003 (ARMV4)
		{A9EC9036-FECA-1BAD-2FB7-8A64A6542907}.Debug|Pocket PC 2003 (ARMV4).Build.0 = Debug|Pocket PC 2003 (ARMV4)
		{A9EC9036-FECA-1BAD-2FB7-8A64A6542907}.Debug|Smartphone 2003 (ARMV4).ActiveCfg = Debug|Smartphone 2003 (ARMV4)
		{A9EC9036-FECA-1BAD-2FB7-8A64A6542907}.Debug|Smartphone 2003 (ARMV4).Build.0 = Debug|Smartphone 2003 (ARMV4)
		{A9EC9036-FECA-1BAD-2FB7-8A64A6542907}.Debug|Windows Mobile 5.0 Pocket PC SDK (ARMV4I).ActiveCfg = Debug|Windows Mobile 5.0 Pocket PC SDK (ARMV4I)
		{A9EC9036-FECA-1BAD-2FB7-8A64A6542907}.Debug|Windows Mobile 5.0 Pocket PC SDK (ARMV4I).Build.0 = Debug|Windows Mobile 5.0 Pocket PC SDK (ARMV4I)
		{A9EC9036-FECA-1BAD-2FB7-8A64A6542907}.Debug|Windows Mobile 5.0 Smartphone SDK (ARMV4I).ActiveCfg = Debug|Windows Mobile 5.0 Smartphone SDK (ARMV4I)
		{A9EC9036-FECA-1BAD-2FB7-8A64A6542907}.Debug|Windows Mobile 5.0 Smartphone SDK (ARMV4I).Build.0 = Debug|Windows Mobile 5.0 Smartphone SDK (ARMV4I)
		{A9EC9036-FECA-1BAD-2FB7-8A64A6542907}.Release|Pocket PC 2003 (ARMV4).ActiveCfg = Release|Pocket PC 2003 (ARMV4)
		{A9EC9036-FECA-1BAD-2FB7-8A64A6542907}.Release|Pocket PC 2003 (ARMV4).Build.0 = Release|Pocket PC 2003 (ARMV4)
		{A9EC9036-FECA-1BAD-2FB7-8A64A6542907}.Release|Smartphone 2003 (ARMV4).ActiveCfg = Release|Smartphone 2003 (ARMV4)
		{A9EC9036-FECA-1BAD-2FB7-8A64A6542907}.Release|Smartphone 2003 (ARMV4).Build.0 = Release|Smartphone 2003 (ARMV4)
		{A9EC9036-FECA-1BAD-2FB7-8A64A6542907}.Release|Windows Mobile 5.0 Pocket PC SDK (ARMV4I).ActiveCfg = Release|Windows Mobile 5.0 Pocket PC SDK (ARMV4I)
		{A9EC9036-FECA-1BAD-2FB7-8A64A6542907}.Release|Windows Mobile 5.0 Pocket PC SDK (ARMV4I).Build.0 = Release|Windows Mobile 5.0 Pocket PC SDK (ARMV4I)
		{A9EC9036-FECA-1BAD-2FB7-8A64A6542907}.Release|Windows Mobile 5.0 Smartphone SDK (ARMV4I).ActiveCfg = Release|Windows Mobile 5.0 Smartphone SDK (ARMV4I)
		{A9EC9036-FECA-1BAD-2FB7-8A64A6542907}.Release|Windows Mobile 5.0 Smartphone SDK (ARMV4I).Build.0 = Release|Windows Mobile 5.0 Smartphone SDK (ARMV4I)
		{6FAEFE95-FECA-1BAD-2FB7-8A64A6542907}.Debug|Pocket PC 2003 (ARMV4).ActiveCfg = Debug|Pocket PC 2003 (ARMV4)
		{6FAEFE95-FECA-1BAD-2FB7-8A64A6542907}.Debug|Pocket PC 2003 (ARMV4).Build.0 = Debug|Pocket PC 2003 (ARMV4)
		{6FAEFE95-FECA-1BAD-2FB7-8A64A6542907}.Debug|Smartphone 2003 (ARMV4).ActiveCfg = Debug|Smartphone 2003 (ARMV4)
		{6FAEFE95-FECA-1BAD-2FB7-8A64A6542907}.Debug|Smartphone 2003 (ARMV4).Build.0 = Debug|Smartphone 2003 (ARMV4)
		{6FAEFE95-FECA-1BAD-2FB7-8A64A6542907}.Debug|Windows Mobile 5.0 Pocket PC SDK (ARMV4I).ActiveCfg = Debug|Windows Mobile 5.0 Pocket PC SDK (ARMV4I)
		{6FAEFE95-FECA-1BAD-2FB7-8A64A6542907}.Debug|Windows Mobile 5.0 Pocket PC SDK (ARMV4I).Build.0 = Debug|Windows Mobile 5.0 Pocket PC SDK (ARMV4I)
		{6FAEFE95-FECA-1BAD-2FB7-8A64A6542907}.Debug|Windows Mobile 5.0 Smartphone SDK (ARMV4I).ActiveCfg = Debug|Windows Mobile 5.0 Smartphone SDK (ARMV4I)
		{6FAEFE95-FECA-1BAD-2FB7-8A64A6542907}.Debug|Windows Mobile 5.0 Smartphone SDK (ARMV4I).Build.0 = Debug|Windows Mobile 5.0 Smartphone SDK (ARMV4I)
		{6FAEFE95-FECA-1BAD-2FB7-8A64A6542907}.Release|Pocket PC 2003 (ARMV4).ActiveCfg = Release|Pocket PC 2003 (ARMV4)
		{6FAEFE95-FECA-1BAD-2FB7-8A64A6542907}.Release|Pocket PC 2003 (ARMV4).Build.0 = Release|Pocket PC 2003 (ARMV4)
		{6FAEFE95-FECA-1BAD-2FB7-8A64A6542907}.Release|Smartphone 2003 (ARMV4).ActiveCfg = Release|Smartphone 2003 (ARMV4)
		{6FAEFE95-FECA-1BAD-2FB7-8A64A6542907}.Release|Smartphone 2003 (ARMV4).Build.0 = Release|Smartphone 2003 (ARMV4)
		{6FAEFE95-FECA-1BAD-2FB7-8A64A6542907}.Release|Windows Mobile 5.0 Pocket PC SDK (ARMV4I).ActiveCfg = Release|Windows Mobile 5.0 Pocket PC SDK (ARMV4I)
		{6FAEFE95-FECA-1BAD-2FB7-8A64A6542907}.Release|Windows Mobile 5.0 Pocket PC SDK (ARMV4I).Build.0 = Release|Windows Mobile 5.0 Pocket PC SDK (ARMV4I)
		{6FAEFE95-FECA-1BAD-2FB7-8A64A6542907}.Release|Windows Mobile 5.0 Smartphone SDK (ARMV4I).ActiveCfg = Release|Windows Mobile 5.0 Smartphone SDK (ARMV4I)
		{6FAEFE95-FECA-1BAD-2FB7-8A64A6542907}.Release|Windows Mobile 5.0 Smartphone SDK (ARMV4I).Build.0 = Release|Windows Mobile 5.0 Smartphone SDK (ARMV4I)
		{54CEEE1F-FECA-1BAD-2FB7-8A64A6542907}.Debug|Pocket PC 2003 (ARMV4).ActiveCfg = Debug|Pocket PC 2003 (ARMV4)
		{54CEEE1F-FECA-1BAD-2FB7-8A64A6542907}.Debug|Pocket PC 2003 (ARMV4).Build.0 = Debug|Pocket PC 2003 (ARMV4)
		{54CEEE1F-FECA-1BAD-2FB7-8A64A6542907}.Debug|Smartphone 2003 (ARMV4).ActiveCfg = Debug|Smartphone 2003 (ARMV4)
		{54CEEE1F-FECA-1BAD-2FB7-8A64A6542907}.Debug|Smartphone 2003 (ARMV4).Build.0 = Debug|Smartphone 2003 (ARMV4)
		{54CEEE1F-FECA-1BAD-2FB7-8A64A6542907}.Debug|Windows Mobile 5.0 Pocket PC SDK (ARMV4I).ActiveCfg = Debug|Windows Mobile 5.0 Pocket PC SDK (ARMV4I)
		{54CEEE1F-FECA-1BAD-2FB7-8A64A6542907}.Debug|Windows Mobile 5.0 Pocket PC SDK (ARMV4I).Build.0 = Debug|Windows Mobile 5.0 Pocket PC SDK (ARMV4I)
		{54CEEE1F-FECA-1BAD-2FB7-8A64A6542907}.Debug|Windows Mobile 5.0 Smartphone SDK (ARMV4I).ActiveCfg = Debug|Windows Mobile 5.0 Smartphone SDK (ARMV4I)
		{54CEEE1F-FECA-1BAD-2FB7-8A64A6542907}.Debug|Windows Mobile 5.0 Smartphone SDK (ARMV4I).Build.0 = Debug|Windows Mobile 5.0 Smartphone SDK (ARMV4I)
		{54CEEE1F-FECA-1BAD-2FB7-8A64A6542907}.Release|Pocket PC 2003 (ARMV4).ActiveCfg = Release|Pocket PC 2003 (ARMV4)
		{54CEEE1F-FECA-1BAD-2FB7-8A64A6542907}.Release|Pocket PC 2003 (ARMV4).Build.0 = Release|Pocket PC 2003 (ARMV4)
		{54CEEE1F-FECA-1BAD-2FB7-8A64A6542907}.Release|Smartphone 2003 (ARMV4).ActiveCfg = Release|Smartphone 2003 (ARMV4)
		{54CEEE1F-FECA-1BAD-2FB7-8A64A6542907}.Release|Smartphone 2003 (ARMV4).Build.0 = Release|Smartphone 2003 (ARMV4)
		{54CEEE1F-FECA-1BAD-2FB7-8A64A6542907}.Release|Windows Mobile 5.0 Pocket PC SDK (ARMV4I).ActiveCfg = Release|Windows Mobile 5.0 Pocket PC SDK (ARMV4I)
		{54CEEE1F-FECA-1BAD-2FB7-8A64A6542907}.Release|Windows Mobile 5.0 Pocket PC SDK (ARMV4I).Build.0 = Release|Windows Mobile 5.0 Pocket PC SDK (ARMV4I)
		{54CEEE1F-FECA-1BAD-2FB7-8A64A6542907}.Release|Windows Mobile 5.0 Smartphone SDK (ARMV4I).ActiveCfg = Release|Windows Mobile 5.0 Smartphone SDK (ARMV4I)
		{54CEEE1F-FECA-1BAD-2FB7-8A64A6542907}.Release|Windows Mobile 5.0 Smartphone SDK (ARMV4I).Build.0 = Release|Windows Mobile 5.0 Smartphone SDK (ARMV4I)
	EndGlobalSection
	GlobalSection(SolutionProperties) = preSolution
		HideSolutionNode = FALSE
	EndGlobalSection
EndGlobal
