Microsoft Visual Studio Solution File, Format Version 8.00
#
# $Id: VC71WorkspaceCreator.pm 1159 2007-03-15 12:28:15Z elliott_c $
#
# This file was generated by MPC.  Any changes made directly to
# this file will be lost the next time it is generated.
#
# MPC Command:
# /export/anduriltmp/bczar/DOC_ROOT/stage-29192/ACE_wrappers/bin/mwc.pl -type vc71 -static -name_modifier *_Static -apply_project -exclude TAO/CIAO,TAO/TAO_*.mwc -recurse -hierarchy -relative ACE_ROOT=/export/anduriltmp/bczar/DOC_ROOT/stage-29192/ACE_wrappers -relative TAO_ROOT=/export/anduriltmp/bczar/DOC_ROOT/stage-29192/ACE_wrappers/TAO -relative CIAO_ROOT=/export/anduriltmp/bczar/DOC_ROOT/stage-29192/ACE_wrappers/TAO/CIAO
Project("{8BC9CEB8-8B4A-11D0-8D11-00A0C91BC942}") = "chat_IDL_Static", "chat_IDL_Static.vcproj", "{16FE3308-FECA-1BAD-5E66-8A65A65558D6}"
	ProjectSection(ProjectDependencies) = postProject
	EndProjectSection
EndProject
Project("{8BC9CEB8-8B4A-11D0-8D11-00A0C91BC942}") = "chat_client_Static", "chat_client_Static.vcproj", "{6EB90823-FECA-1BAD-5E66-8A65A65558D6}"
	ProjectSection(ProjectDependencies) = postProject
		{16FE3308-FECA-1BAD-5E66-8A65A65558D6} = {16FE3308-FECA-1BAD-5E66-8A65A65558D6}
	EndProjectSection
EndProject
Project("{8BC9CEB8-8B4A-11D0-8D11-00A0C91BC942}") = "chat_server_Static", "chat_server_Static.vcproj", "{D8B80080-FECA-1BAD-5E66-8A65A65558D6}"
	ProjectSection(ProjectDependencies) = postProject
		{16FE3308-FECA-1BAD-5E66-8A65A65558D6} = {16FE3308-FECA-1BAD-5E66-8A65A65558D6}
	EndProjectSection
EndProject
Global
	GlobalSection(SolutionConfiguration) = preSolution
		Debug = Debug
		Release = Release
	EndGlobalSection
	GlobalSection(ProjectConfiguration) = postSolution
		{16FE3308-FECA-1BAD-5E66-8A65A65558D6}.Debug.ActiveCfg = Debug|Win32
		{16FE3308-FECA-1BAD-5E66-8A65A65558D6}.Debug.Build.0 = Debug|Win32
		{16FE3308-FECA-1BAD-5E66-8A65A65558D6}.Release.ActiveCfg = Release|Win32
		{16FE3308-FECA-1BAD-5E66-8A65A65558D6}.Release.Build.0 = Release|Win32
		{6EB90823-FECA-1BAD-5E66-8A65A65558D6}.Debug.ActiveCfg = Debug|Win32
		{6EB90823-FECA-1BAD-5E66-8A65A65558D6}.Debug.Build.0 = Debug|Win32
		{6EB90823-FECA-1BAD-5E66-8A65A65558D6}.Release.ActiveCfg = Release|Win32
		{6EB90823-FECA-1BAD-5E66-8A65A65558D6}.Release.Build.0 = Release|Win32
		{D8B80080-FECA-1BAD-5E66-8A65A65558D6}.Debug.ActiveCfg = Debug|Win32
		{D8B80080-FECA-1BAD-5E66-8A65A65558D6}.Debug.Build.0 = Debug|Win32
		{D8B80080-FECA-1BAD-5E66-8A65A65558D6}.Release.ActiveCfg = Release|Win32
		{D8B80080-FECA-1BAD-5E66-8A65A65558D6}.Release.Build.0 = Release|Win32
	EndGlobalSection
	GlobalSection(ExtensibilityGlobals) = postSolution
	EndGlobalSection
	GlobalSection(ExtensibilityAddIns) = postSolution
	EndGlobalSection
EndGlobal
